// !$*UTF8*$!
{
	archiveVersion = 1;
	classes = {
	};
	objectVersion = 46;
	objects = {

/* Begin PBXBuildFile section */
		957AC4001EFA447B00E917DF /* main.m in Sources */ = {isa = PBXBuildFile; fileRef = 957AC3FF1EFA447B00E917DF /* main.m */; };
		957AC4031EFA447B00E917DF /* AppDelegate.m in Sources */ = {isa = PBXBuildFile; fileRef = 957AC4021EFA447B00E917DF /* AppDelegate.m */; };
		957AC4061EFA447B00E917DF /* ViewController.m in Sources */ = {isa = PBXBuildFile; fileRef = 957AC4051EFA447B00E917DF /* ViewController.m */; };
		957AC4091EFA447B00E917DF /* Main.storyboard in Resources */ = {isa = PBXBuildFile; fileRef = 957AC4071EFA447B00E917DF /* Main.storyboard */; };
		957AC40B1EFA447B00E917DF /* Assets.xcassets in Resources */ = {isa = PBXBuildFile; fileRef = 957AC40A1EFA447B00E917DF /* Assets.xcassets */; };
		957AC40E1EFA447B00E917DF /* LaunchScreen.storyboard in Resources */ = {isa = PBXBuildFile; fileRef = 957AC40C1EFA447B00E917DF /* LaunchScreen.storyboard */; };
		957AC4191EFA447B00E917DF /* testTests.m in Sources */ = {isa = PBXBuildFile; fileRef = 957AC4181EFA447B00E917DF /* testTests.m */; };
		957AC4241EFA447B00E917DF /* testUITests.m in Sources */ = {isa = PBXBuildFile; fileRef = 957AC4231EFA447B00E917DF /* testUITests.m */; };
		957AC4321EFA44B200E917DF /* zomb_0.png in Resources */ = {isa = PBXBuildFile; fileRef = 957AC4311EFA44B200E917DF /* zomb_0.png */; };
		957AC4351EFA4BB700E917DF /* Zomb.m in Sources */ = {isa = PBXBuildFile; fileRef = 957AC4341EFA4BB700E917DF /* Zomb.m */; };
/* End PBXBuildFile section */

/* Begin PBXContainerItemProxy section */
		957AC4151EFA447B00E917DF /* PBXContainerItemProxy */ = {
			isa = PBXContainerItemProxy;
			containerPortal = 957AC3F31EFA447A00E917DF /* Project object */;
			proxyType = 1;
			remoteGlobalIDString = 957AC3FA1EFA447B00E917DF;
			remoteInfo = test;
		};
		957AC4201EFA447B00E917DF /* PBXContainerItemProxy */ = {
			isa = PBXContainerItemProxy;
			containerPortal = 957AC3F31EFA447A00E917DF /* Project object */;
			proxyType = 1;
			remoteGlobalIDString = 957AC3FA1EFA447B00E917DF;
			remoteInfo = test;
		};
/* End PBXContainerItemProxy section */

/* Begin PBXFileReference section */
		957AC3FB1EFA447B00E917DF /* test.app */ = {isa = PBXFileReference; explicitFileType = wrapper.application; includeInIndex = 0; path = test.app; sourceTree = BUILT_PRODUCTS_DIR; };
		957AC3FF1EFA447B00E917DF /* main.m */ = {isa = PBXFileReference; lastKnownFileType = sourcecode.c.objc; path = main.m; sourceTree = "<group>"; };
		957AC4011EFA447B00E917DF /* AppDelegate.h */ = {isa = PBXFileReference; lastKnownFileType = sourcecode.c.h; path = AppDelegate.h; sourceTree = "<group>"; };
		957AC4021EFA447B00E917DF /* AppDelegate.m */ = {isa = PBXFileReference; lastKnownFileType = sourcecode.c.objc; path = AppDelegate.m; sourceTree = "<group>"; };
		957AC4041EFA447B00E917DF /* ViewController.h */ = {isa = PBXFileReference; lastKnownFileType = sourcecode.c.h; path = ViewController.h; sourceTree = "<group>"; };
		957AC4051EFA447B00E917DF /* ViewController.m */ = {isa = PBXFileReference; lastKnownFileType = sourcecode.c.objc; path = ViewController.m; sourceTree = "<group>"; };
		957AC4081EFA447B00E917DF /* Base */ = {isa = PBXFileReference; lastKnownFileType = file.storyboard; name = Base; path = Base.lproj/Main.storyboard; sourceTree = "<group>"; };
		957AC40A1EFA447B00E917DF /* Assets.xcassets */ = {isa = PBXFileReference; lastKnownFileType = folder.assetcatalog; path = Assets.xcassets; sourceTree = "<group>"; };
		957AC40D1EFA447B00E917DF /* Base */ = {isa = PBXFileReference; lastKnownFileType = file.storyboard; name = Base; path = Base.lproj/LaunchScreen.storyboard; sourceTree = "<group>"; };
		957AC40F1EFA447B00E917DF /* Info.plist */ = {isa = PBXFileReference; lastKnownFileType = text.plist.xml; path = Info.plist; sourceTree = "<group>"; };
		957AC4141EFA447B00E917DF /* testTests.xctest */ = {isa = PBXFileReference; explicitFileType = wrapper.cfbundle; includeInIndex = 0; path = testTests.xctest; sourceTree = BUILT_PRODUCTS_DIR; };
		957AC4181EFA447B00E917DF /* testTests.m */ = {isa = PBXFileReference; lastKnownFileType = sourcecode.c.objc; path = testTests.m; sourceTree = "<group>"; };
		957AC41A1EFA447B00E917DF /* Info.plist */ = {isa = PBXFileReference; lastKnownFileType = text.plist.xml; path = Info.plist; sourceTree = "<group>"; };
		957AC41F1EFA447B00E917DF /* testUITests.xctest */ = {isa = PBXFileReference; explicitFileType = wrapper.cfbundle; includeInIndex = 0; path = testUITests.xctest; sourceTree = BUILT_PRODUCTS_DIR; };
		957AC4231EFA447B00E917DF /* testUITests.m */ = {isa = PBXFileReference; lastKnownFileType = sourcecode.c.objc; path = testUITests.m; sourceTree = "<group>"; };
		957AC4251EFA447B00E917DF /* Info.plist */ = {isa = PBXFileReference; lastKnownFileType = text.plist.xml; path = Info.plist; sourceTree = "<group>"; };
		957AC4311EFA44B200E917DF /* zomb_0.png */ = {isa = PBXFileReference; lastKnownFileType = image.png; path = zomb_0.png; sourceTree = "<group>"; };
		957AC4331EFA4BB700E917DF /* Zomb.h */ = {isa = PBXFileReference; fileEncoding = 4; lastKnownFileType = sourcecode.c.h; path = Zomb.h; sourceTree = "<group>"; };
		957AC4341EFA4BB700E917DF /* Zomb.m */ = {isa = PBXFileReference; fileEncoding = 4; lastKnownFileType = sourcecode.c.objc; path = Zomb.m; sourceTree = "<group>"; };
/* End PBXFileReference section */

/* Begin PBXFrameworksBuildPhase section */
		957AC3F81EFA447B00E917DF /* Frameworks */ = {
			isa = PBXFrameworksBuildPhase;
			buildActionMask = 2147483647;
			files = (
			);
			runOnlyForDeploymentPostprocessing = 0;
		};
		957AC4111EFA447B00E917DF /* Frameworks */ = {
			isa = PBXFrameworksBuildPhase;
			buildActionMask = 2147483647;
			files = (
			);
			runOnlyForDeploymentPostprocessing = 0;
		};
		957AC41C1EFA447B00E917DF /* Frameworks */ = {
			isa = PBXFrameworksBuildPhase;
			buildActionMask = 2147483647;
			files = (
			);
			runOnlyForDeploymentPostprocessing = 0;
		};
/* End PBXFrameworksBuildPhase section */

/* Begin PBXGroup section */
		957AC3F21EFA447A00E917DF = {
			isa = PBXGroup;
			children = (
				957AC3FD1EFA447B00E917DF /* test */,
				957AC4171EFA447B00E917DF /* testTests */,
				957AC4221EFA447B00E917DF /* testUITests */,
				957AC3FC1EFA447B00E917DF /* Products */,
			);
			sourceTree = "<group>";
		};
		957AC3FC1EFA447B00E917DF /* Products */ = {
			isa = PBXGroup;
			children = (
				957AC3FB1EFA447B00E917DF /* test.app */,
				957AC4141EFA447B00E917DF /* testTests.xctest */,
				957AC41F1EFA447B00E917DF /* testUITests.xctest */,
			);
			name = Products;
			sourceTree = "<group>";
		};
		957AC3FD1EFA447B00E917DF /* test */ = {
			isa = PBXGroup;
			children = (
				957AC4011EFA447B00E917DF /* AppDelegate.h */,
				957AC4021EFA447B00E917DF /* AppDelegate.m */,
				957AC4041EFA447B00E917DF /* ViewController.h */,
				957AC4051EFA447B00E917DF /* ViewController.m */,
				957AC4331EFA4BB700E917DF /* Zomb.h */,
				957AC4341EFA4BB700E917DF /* Zomb.m */,
				957AC4071EFA447B00E917DF /* Main.storyboard */,
				957AC40A1EFA447B00E917DF /* Assets.xcassets */,
				957AC40C1EFA447B00E917DF /* LaunchScreen.storyboard */,
				957AC40F1EFA447B00E917DF /* Info.plist */,
				957AC4311EFA44B200E917DF /* zomb_0.png */,
				957AC3FE1EFA447B00E917DF /* Supporting Files */,
			);
			path = test;
			sourceTree = "<group>";
		};
		957AC3FE1EFA447B00E917DF /* Supporting Files */ = {
			isa = PBXGroup;
			children = (
				957AC3FF1EFA447B00E917DF /* main.m */,
			);
			name = "Supporting Files";
			sourceTree = "<group>";
		};
		957AC4171EFA447B00E917DF /* testTests */ = {
			isa = PBXGroup;
			children = (
				957AC4181EFA447B00E917DF /* testTests.m */,
				957AC41A1EFA447B00E917DF /* Info.plist */,
			);
			path = testTests;
			sourceTree = "<group>";
		};
		957AC4221EFA447B00E917DF /* testUITests */ = {
			isa = PBXGroup;
			children = (
				957AC4231EFA447B00E917DF /* testUITests.m */,
				957AC4251EFA447B00E917DF /* Info.plist */,
			);
			path = testUITests;
			sourceTree = "<group>";
		};
/* End PBXGroup section */

/* Begin PBXNativeTarget section */
		957AC3FA1EFA447B00E917DF /* test */ = {
			isa = PBXNativeTarget;
			buildConfigurationList = 957AC4281EFA447B00E917DF /* Build configuration list for PBXNativeTarget "test" */;
			buildPhases = (
				957AC3F71EFA447B00E917DF /* Sources */,
				957AC3F81EFA447B00E917DF /* Frameworks */,
				957AC3F91EFA447B00E917DF /* Resources */,
			);
			buildRules = (
			);
			dependencies = (
			);
			name = test;
			productName = test;
			productReference = 957AC3FB1EFA447B00E917DF /* test.app */;
			productType = "com.apple.product-type.application";
		};
		957AC4131EFA447B00E917DF /* testTests */ = {
			isa = PBXNativeTarget;
			buildConfigurationList = 957AC42B1EFA447B00E917DF /* Build configuration list for PBXNativeTarget "testTests" */;
			buildPhases = (
				957AC4101EFA447B00E917DF /* Sources */,
				957AC4111EFA447B00E917DF /* Frameworks */,
				957AC4121EFA447B00E917DF /* Resources */,
			);
			buildRules = (
			);
			dependencies = (
				957AC4161EFA447B00E917DF /* PBXTargetDependency */,
			);
			name = testTests;
			productName = testTests;
			productReference = 957AC4141EFA447B00E917DF /* testTests.xctest */;
			productType = "com.apple.product-type.bundle.unit-test";
		};
		957AC41E1EFA447B00E917DF /* testUITests */ = {
			isa = PBXNativeTarget;
			buildConfigurationList = 957AC42E1EFA447B00E917DF /* Build configuration list for PBXNativeTarget "testUITests" */;
			buildPhases = (
				957AC41B1EFA447B00E917DF /* Sources */,
				957AC41C1EFA447B00E917DF /* Frameworks */,
				957AC41D1EFA447B00E917DF /* Resources */,
			);
			buildRules = (
			);
			dependencies = (
				957AC4211EFA447B00E917DF /* PBXTargetDependency */,
			);
			name = testUITests;
			productName = testUITests;
			productReference = 957AC41F1EFA447B00E917DF /* testUITests.xctest */;
			productType = "com.apple.product-type.bundle.ui-testing";
		};
/* End PBXNativeTarget section */

/* Begin PBXProject section */
		957AC3F31EFA447A00E917DF /* Project object */ = {
			isa = PBXProject;
			attributes = {
				LastUpgradeCheck = 0830;
				ORGANIZATIONNAME = idaoben;
				TargetAttributes = {
					957AC3FA1EFA447B00E917DF = {
						CreatedOnToolsVersion = 8.3.2;
						DevelopmentTeam = 83UZX648FQ;
						ProvisioningStyle = Automatic;
					};
					957AC4131EFA447B00E917DF = {
						CreatedOnToolsVersion = 8.3.2;
						DevelopmentTeam = 83UZX648FQ;
						ProvisioningStyle = Automatic;
						TestTargetID = 957AC3FA1EFA447B00E917DF;
					};
					957AC41E1EFA447B00E917DF = {
						CreatedOnToolsVersion = 8.3.2;
						DevelopmentTeam = 83UZX648FQ;
						ProvisioningStyle = Automatic;
						TestTargetID = 957AC3FA1EFA447B00E917DF;
					};
				};
			};
			buildConfigurationList = 957AC3F61EFA447A00E917DF /* Build configuration list for PBXProject "test" */;
			compatibilityVersion = "Xcode 3.2";
			developmentRegion = English;
			hasScannedForEncodings = 0;
			knownRegions = (
				en,
				Base,
			);
			mainGroup = 957AC3F21EFA447A00E917DF;
			productRefGroup = 957AC3FC1EFA447B00E917DF /* Products */;
			projectDirPath = "";
			projectRoot = "";
			targets = (
				957AC3FA1EFA447B00E917DF /* test */,
				957AC4131EFA447B00E917DF /* testTests */,
				957AC41E1EFA447B00E917DF /* testUITests */,
			);
		};
/* End PBXProject section */

/* Begin PBXResourcesBuildPhase section */
		957AC3F91EFA447B00E917DF /* Resources */ = {
			isa = PBXResourcesBuildPhase;
			buildActionMask = 2147483647;
			files = (
				957AC4321EFA44B200E917DF /* zomb_0.png in Resources */,
				957AC40E1EFA447B00E917DF /* LaunchScreen.storyboard in Resources */,
				957AC40B1EFA447B00E917DF /* Assets.xcassets in Resources */,
				957AC4091EFA447B00E917DF /* Main.storyboard in Resources */,
			);
			runOnlyForDeploymentPostprocessing = 0;
		};
		957AC4121EFA447B00E917DF /* Resources */ = {
			isa = PBXResourcesBuildPhase;
			buildActionMask = 2147483647;
			files = (
			);
			runOnlyForDeploymentPostprocessing = 0;
		};
		957AC41D1EFA447B00E917DF /* Resources */ = {
			isa = PBXResourcesBuildPhase;
			buildActionMask = 2147483647;
			files = (
			);
			runOnlyForDeploymentPostprocessing = 0;
		};
/* End PBXResourcesBuildPhase section */

/* Begin PBXSourcesBuildPhase section */
		957AC3F71EFA447B00E917DF /* Sources */ = {
			isa = PBXSourcesBuildPhase;
			buildActionMask = 2147483647;
			files = (
				957AC4061EFA447B00E917DF /* ViewController.m in Sources */,
				957AC4351EFA4BB700E917DF /* Zomb.m in Sources */,
				957AC4031EFA447B00E917DF /* AppDelegate.m in Sources */,
				957AC4001EFA447B00E917DF /* main.m in Sources */,
			);
			runOnlyForDeploymentPostprocessing = 0;
		};
		957AC4101EFA447B00E917DF /* Sources */ = {
			isa = PBXSourcesBuildPhase;
			buildActionMask = 2147483647;
			files = (
				957AC4191EFA447B00E917DF /* testTests.m in Sources */,
			);
			runOnlyForDeploymentPostprocessing = 0;
		};
		957AC41B1EFA447B00E917DF /* Sources */ = {
			isa = PBXSourcesBuildPhase;
			buildActionMask = 2147483647;
			files = (
				957AC4241EFA447B00E917DF /* testUITests.m in Sources */,
			);
			runOnlyForDeploymentPostprocessing = 0;
		};
/* End PBXSourcesBuildPhase section */

/* Begin PBXTargetDependency section */
		957AC4161EFA447B00E917DF /* PBXTargetDependency */ = {
			isa = PBXTargetDependency;
			target = 957AC3FA1EFA447B00E917DF /* test */;
			targetProxy = 957AC4151EFA447B00E917DF /* PBXContainerItemProxy */;
		};
		957AC4211EFA447B00E917DF /* PBXTargetDependency */ = {
			isa = PBXTargetDependency;
			target = 957AC3FA1EFA447B00E917DF /* test */;
			targetProxy = 957AC4201EFA447B00E917DF /* PBXContainerItemProxy */;
		};
/* End PBXTargetDependency section */

/* Begin PBXVariantGroup section */
		957AC4071EFA447B00E917DF /* Main.storyboard */ = {
			isa = PBXVariantGroup;
			children = (
				957AC4081EFA447B00E917DF /* Base */,
			);
			name = Main.storyboard;
			sourceTree = "<group>";
		};
		957AC40C1EFA447B00E917DF /* LaunchScreen.storyboard */ = {
			isa = PBXVariantGroup;
			children = (
				957AC40D1EFA447B00E917DF /* Base */,
			);
			name = LaunchScreen.storyboard;
			sourceTree = "<group>";
		};
/* End PBXVariantGroup section */

/* Begin XCBuildConfiguration section */
		957AC4261EFA447B00E917DF /* Debug */ = {
			isa = XCBuildConfiguration;
			buildSettings = {
				ALWAYS_SEARCH_USER_PATHS = NO;
				CLANG_ANALYZER_NONNULL = YES;
				CLANG_ANALYZER_NUMBER_OBJECT_CONVERSION = YES_AGGRESSIVE;
				CLANG_CXX_LANGUAGE_STANDARD = "gnu++0x";
				CLANG_CXX_LIBRARY = "libc++";
				CLANG_ENABLE_MODULES = YES;
				CLANG_ENABLE_OBJC_ARC = YES;
				CLANG_WARN_BOOL_CONVERSION = YES;
				CLANG_WARN_CONSTANT_CONVERSION = YES;
				CLANG_WARN_DIRECT_OBJC_ISA_USAGE = YES_ERROR;
				CLANG_WARN_DOCUMENTATION_COMMENTS = YES;
				CLANG_WARN_EMPTY_BODY = YES;
				CLANG_WARN_ENUM_CONVERSION = YES;
				CLANG_WARN_INFINITE_RECURSION = YES;
				CLANG_WARN_INT_CONVERSION = YES;
				CLANG_WARN_OBJC_ROOT_CLASS = YES_ERROR;
				CLANG_WARN_SUSPICIOUS_MOVE = YES;
				CLANG_WARN_UNREACHABLE_CODE = YES;
				CLANG_WARN__DUPLICATE_METHOD_MATCH = YES;
				"CODE_SIGN_IDENTITY[sdk=iphoneos*]" = "iPhone Developer";
				COPY_PHASE_STRIP = NO;
				DEBUG_INFORMATION_FORMAT = dwarf;
				ENABLE_STRICT_OBJC_MSGSEND = YES;
				ENABLE_TESTABILITY = YES;
				GCC_C_LANGUAGE_STANDARD = gnu99;
				GCC_DYNAMIC_NO_PIC = NO;
				GCC_NO_COMMON_BLOCKS = YES;
				GCC_OPTIMIZATION_LEVEL = 0;
				GCC_PREPROCESSOR_DEFINITIONS = (
					"DEBUG=1",
					"$(inherited)",
				);
				GCC_WARN_64_TO_32_BIT_CONVERSION = YES;
				GCC_WARN_ABOUT_RETURN_TYPE = YES_ERROR;
				GCC_WARN_UNDECLARED_SELECTOR = YES;
				GCC_WARN_UNINITIALIZED_AUTOS = YES_AGGRESSIVE;
				GCC_WARN_UNUSED_FUNCTION = YES;
				GCC_WARN_UNUSED_VARIABLE = YES;
				IPHONEOS_DEPLOYMENT_TARGET = 10.3;
				MTL_ENABLE_DEBUG_INFO = YES;
				ONLY_ACTIVE_ARCH = YES;
				SDKROOT = iphoneos;
				TARGETED_DEVICE_FAMILY = "1,2";
			};
			name = Debug;
		};
		957AC4271EFA447B00E917DF /* Release */ = {
			isa = XCBuildConfiguration;
			buildSettings = {
				ALWAYS_SEARCH_USER_PATHS = NO;
				CLANG_ANALYZER_NONNULL = YES;
				CLANG_ANALYZER_NUMBER_OBJECT_CONVERSION = YES_AGGRESSIVE;
				CLANG_CXX_LANGUAGE_STANDARD = "gnu++0x";
				CLANG_CXX_LIBRARY = "libc++";
				CLANG_ENABLE_MODULES = YES;
				CLANG_ENABLE_OBJC_ARC = YES;
				CLANG_WARN_BOOL_CONVERSION = YES;
				CLANG_WARN_CONSTANT_CONVERSION = YES;
				CLANG_WARN_DIRECT_OBJC_ISA_USAGE = YES_ERROR;
				CLANG_WARN_DOCUMENTATION_COMMENTS = YES;
				CLANG_WARN_EMPTY_BODY = YES;
				CLANG_WARN_ENUM_CONVERSION = YES;
				CLANG_WARN_INFINITE_RECURSION = YES;
				CLANG_WARN_INT_CONVERSION = YES;
				CLANG_WARN_OBJC_ROOT_CLASS = YES_ERROR;
				CLANG_WARN_SUSPICIOUS_MOVE = YES;
				CLANG_WARN_UNREACHABLE_CODE = YES;
				CLANG_WARN__DUPLICATE_METHOD_MATCH = YES;
				"CODE_SIGN_IDENTITY[sdk=iphoneos*]" = "iPhone Developer";
				COPY_PHASE_STRIP = NO;
				DEBUG_INFORMATION_FORMAT = "dwarf-with-dsym";
				ENABLE_NS_ASSERTIONS = NO;
				ENABLE_STRICT_OBJC_MSGSEND = YES;
				GCC_C_LANGUAGE_STANDARD = gnu99;
				GCC_NO_COMMON_BLOCKS = YES;
				GCC_WARN_64_TO_32_BIT_CONVERSION = YES;
				GCC_WARN_ABOUT_RETURN_TYPE = YES_ERROR;
				GCC_WARN_UNDECLARED_SELECTOR = YES;
				GCC_WARN_UNINITIALIZED_AUTOS = YES_AGGRESSIVE;
				GCC_WARN_UNUSED_FUNCTION = YES;
				GCC_WARN_UNUSED_VARIABLE = YES;
				IPHONEOS_DEPLOYMENT_TARGET = 10.3;
				MTL_ENABLE_DEBUG_INFO = NO;
				SDKROOT = iphoneos;
				TARGETED_DEVICE_FAMILY = "1,2";
				VALIDATE_PRODUCT = YES;
			};
			name = Release;
		};
		957AC4291EFA447B00E917DF /* Debug */ = {
			isa = XCBuildConfiguration;
			buildSettings = {
				ASSETCATALOG_COMPILER_APPICON_NAME = AppIcon;
				DEVELOPMENT_TEAM = 83UZX648FQ;
				INFOPLIST_FILE = test/Info.plist;
				LD_RUNPATH_SEARCH_PATHS = "$(inherited) @executable_path/Frameworks";
				PRODUCT_BUNDLE_IDENTIFIER = idaoben.test;
				PRODUCT_NAME = "$(TARGET_NAME)";
			};
			name = Debug;
		};
		957AC42A1EFA447B00E917DF /* Release */ = {
			isa = XCBuildConfiguration;
			buildSettings = {
				ASSETCATALOG_COMPILER_APPICON_NAME = AppIcon;
				DEVELOPMENT_TEAM = 83UZX648FQ;
				INFOPLIST_FILE = test/Info.plist;
				LD_RUNPATH_SEARCH_PATHS = "$(inherited) @executable_path/Frameworks";
				PRODUCT_BUNDLE_IDENTIFIER = idaoben.test;
				PRODUCT_NAME = "$(TARGET_NAME)";
			};
			name = Release;
		};
		957AC42C1EFA447B00E917DF /* Debug */ = {
			isa = XCBuildConfiguration;
			buildSettings = {
				BUNDLE_LOADER = "$(TEST_HOST)";
				DEVELOPMENT_TEAM = 83UZX648FQ;
				INFOPLIST_FILE = testTests/Info.plist;
				LD_RUNPATH_SEARCH_PATHS = "$(inherited) @executable_path/Frameworks @loader_path/Frameworks";
				PRODUCT_BUNDLE_IDENTIFIER = idaoben.testTests;
				PRODUCT_NAME = "$(TARGET_NAME)";
				TEST_HOST = "$(BUILT_PRODUCTS_DIR)/test.app/test";
			};
			name = Debug;
		};
		957AC42D1EFA447B00E917DF /* Release */ = {
			isa = XCBuildConfiguration;
			buildSettings = {
				BUNDLE_LOADER = "$(TEST_HOST)";
				DEVELOPMENT_TEAM = 83UZX648FQ;
				INFOPLIST_FILE = testTests/Info.plist;
				LD_RUNPATH_SEARCH_PATHS = "$(inherited) @executable_path/Frameworks @loader_path/Frameworks";
				PRODUCT_BUNDLE_IDENTIFIER = idaoben.testTests;
				PRODUCT_NAME = "$(TARGET_NAME)";
				TEST_HOST = "$(BUILT_PRODUCTS_DIR)/test.app/test";
			};
			name = Release;
		};
		957AC42F1EFA447B00E917DF /* Debug */ = {
			isa = XCBuildConfiguration;
			buildSettings = {
				DEVELOPMENT_TEAM = 83UZX648FQ;
				INFOPLIST_FILE = testUITests/Info.plist;
				LD_RUNPATH_SEARCH_PATHS = "$(inherited) @executable_path/Frameworks @loader_path/Frameworks";
				PRODUCT_BUNDLE_IDENTIFIER = idaoben.testUITests;
				PRODUCT_NAME = "$(TARGET_NAME)";
				TEST_TARGET_NAME = test;
			};
			name = Debug;
		};
		957AC4301EFA447B00E917DF /* Release */ = {
			isa = XCBuildConfiguration;
			buildSettings = {
				DEVELOPMENT_TEAM = 83UZX648FQ;
				INFOPLIST_FILE = testUITests/Info.plist;
				LD_RUNPATH_SEARCH_PATHS = "$(inherited) @executable_path/Frameworks @loader_path/Frameworks";
				PRODUCT_BUNDLE_IDENTIFIER = idaoben.testUITests;
				PRODUCT_NAME = "$(TARGET_NAME)";
				TEST_TARGET_NAME = test;
			};
			name = Release;
		};
/* End XCBuildConfiguration section */

/* Begin XCConfigurationList section */
		957AC3F61EFA447A00E917DF /* Build configuration list for PBXProject "test" */ = {
			isa = XCConfigurationList;
			buildConfigurations = (
				957AC4261EFA447B00E917DF /* Debug */,
				957AC4271EFA447B00E917DF /* Release */,
			);
			defaultConfigurationIsVisible = 0;
			defaultConfigurationName = Release;
		};
		957AC4281EFA447B00E917DF /* Build configuration list for PBXNativeTarget "test" */ = {
			isa = XCConfigurationList;
			buildConfigurations = (
				957AC4291EFA447B00E917DF /* Debug */,
				957AC42A1EFA447B00E917DF /* Release */,
			);
			defaultConfigurationIsVisible = 0;
		};
		957AC42B1EFA447B00E917DF /* Build configuration list for PBXNativeTarget "testTests" */ = {
			isa = XCConfigurationList;
			buildConfigurations = (
				957AC42C1EFA447B00E917DF /* Debug */,
				957AC42D1EFA447B00E917DF /* Release */,
			);
			defaultConfigurationIsVisible = 0;
		};
		957AC42E1EFA447B00E917DF /* Build configuration list for PBXNativeTarget "testUITests" */ = {
			isa = XCConfigurationList;
			buildConfigurations = (
				957AC42F1EFA447B00E917DF /* Debug */,
				957AC4301EFA447B00E917DF /* Release */,
			);
			defaultConfigurationIsVisible = 0;
		};
/* End XCConfigurationList section */
	};
	rootObject = 957AC3F31EFA447A00E917DF /* Project object */;
}
